Microsoft Visual Studio Solution File, Format Version 12.00
# Visual Studio 15
VisualStudioVersion = 15.0.28010.2041
MinimumVisualStudioVersion = 10.0.40219.1
Project("{FAE04EC0-301F-11D3-BF4B-00C04F79EFBC}") = "mystocks.Android", "mystocks.Android\mystocks.Android.csproj", "{352B049F-DF62-4AA8-80E9-9CF40DF50F74}"
EndProject
Project("{FAE04EC0-301F-11D3-BF4B-00C04F79EFBC}") = "mystocks.iOS", "mystocks.iOS\mystocks.iOS.csproj", "{2CF2B041-3887-409C-AB6E-B4FD863F123C}"
EndProject
Project("{FAE04EC0-301F-11D3-BF4B-00C04F79EFBC}") = "mystocks", "mystocks\mystocks.csproj", "{B84164D1-D6B8-4AD3-9112-4A9FFFA97AAA}"
EndProject
Global
	GlobalSection(SolutionConfigurationPlatforms) = preSolution
		Ad-Hoc|Any CPU = Ad-Hoc|Any CPU
		Ad-Hoc|iPhone = Ad-Hoc|iPhone
		Ad-Hoc|iPhoneSimulator = Ad-Hoc|iPhoneSimulator
		AppStore|Any CPU = AppStore|Any CPU
		AppStore|iPhone = AppStore|iPhone
		AppStore|iPhoneSimulator = AppStore|iPhoneSimulator
		Debug|Any CPU = Debug|Any CPU
		Debug|iPhone = Debug|iPhone
		Debug|iPhoneSimulator = Debug|iPhoneSimulator
		Release|Any CPU = Release|Any CPU
		Release|iPhone = Release|iPhone
		Release|iPhoneSimulator = Release|iPhoneSimulator
	EndGlobalSection
	GlobalSection(ProjectConfigurationPlatforms) = postSolution
		{352B049F-DF62-4AA8-80E9-9CF40DF50F74}.Ad-Hoc|Any CPU.ActiveCfg = Release|Any CPU
		{352B049F-DF62-4AA8-80E9-9CF40DF50F74}.Ad-Hoc|iPhone.ActiveCfg = Debug|Any CPU
		{352B049F-DF62-4AA8-80E9-9CF40DF50F74}.Ad-Hoc|iPhone.Build.0 = Debug|Any CPU
		{352B049F-DF62-4AA8-80E9-9CF40DF50F74}.Ad-Hoc|iPhoneSimulator.ActiveCfg = Release|Any CPU
		{352B049F-DF62-4AA8-80E9-9CF40DF50F74}.AppStore|Any CPU.ActiveCfg = Release|Any CPU
		{352B049F-DF62-4AA8-80E9-9CF40DF50F74}.AppStore|iPhone.ActiveCfg = Debug|Any CPU
		{352B049F-DF62-4AA8-80E9-9CF40DF50F74}.AppStore|iPhone.Build.0 = Debug|Any CPU
		{352B049F-DF62-4AA8-80E9-9CF40DF50F74}.AppStore|iPhoneSimulator.ActiveCfg = Release|Any CPU
		{352B049F-DF62-4AA8-80E9-9CF40DF50F74}.Debug|Any CPU.ActiveCfg = Debug|Any CPU
		{352B049F-DF62-4AA8-80E9-9CF40DF50F74}.Debug|Any CPU.Build.0 = Debug|Any CPU
		{352B049F-DF62-4AA8-80E9-9CF40DF50F74}.Debug|iPhone.ActiveCfg = Debug|Any CPU
		{352B049F-DF62-4AA8-80E9-9CF40DF50F74}.Debug|iPhone.Build.0 = Debug|Any CPU
		{352B049F-DF62-4AA8-80E9-9CF40DF50F74}.Debug|iPhoneSimulator.ActiveCfg = Debug|Any CPU
		{352B049F-DF62-4AA8-80E9-9CF40DF50F74}.Debug|iPhoneSimulator.Build.0 = Debug|Any CPU
		{352B049F-DF62-4AA8-80E9-9CF40DF50F74}.Release|Any CPU.ActiveCfg = Release|Any CPU
		{352B049F-DF62-4AA8-80E9-9CF40DF50F74}.Release|Any CPU.Build.0 = Release|Any CPU
		{352B049F-DF62-4AA8-80E9-9CF40DF50F74}.Release|iPhone.ActiveCfg = Release|Any CPU
		{352B049F-DF62-4AA8-80E9-9CF40DF50F74}.Release|iPhone.Build.0 = Release|Any CPU
		{352B049F-DF62-4AA8-80E9-9CF40DF50F74}.Release|iPhoneSimulator.ActiveCfg = Release|Any CPU
		{352B049F-DF62-4AA8-80E9-9CF40DF50F74}.Release|iPhoneSimulator.Build.0 = Release|Any CPU
		{2CF2B041-3887-409C-AB6E-B4FD863F123C}.Ad-Hoc|Any CPU.ActiveCfg = Ad-Hoc|iPhone
		{2CF2B041-3887-409C-AB6E-B4FD863F123C}.Ad-Hoc|iPhone.ActiveCfg = Ad-Hoc|iPhone
		{2CF2B041-3887-409C-AB6E-B4FD863F123C}.Ad-Hoc|iPhone.Build.0 = Ad-Hoc|iPhone
		{2CF2B041-3887-409C-AB6E-B4FD863F123C}.Ad-Hoc|iPhoneSimulator.ActiveCfg = Ad-Hoc|iPhone
		{2CF2B041-3887-409C-AB6E-B4FD863F123C}.AppStore|Any CPU.ActiveCfg = AppStore|iPhone
		{2CF2B041-3887-409C-AB6E-B4FD863F123C}.AppStore|iPhone.ActiveCfg = AppStore|iPhone
		{2CF2B041-3887-409C-AB6E-B4FD863F123C}.AppStore|iPhone.Build.0 = AppStore|iPhone
		{2CF2B041-3887-409C-AB6E-B4FD863F123C}.AppStore|iPhoneSimulator.ActiveCfg = AppStore|iPhone
		{2CF2B041-3887-409C-AB6E-B4FD863F123C}.Debug|Any CPU.ActiveCfg = Debug|iPhoneSimulator
		{2CF2B041-3887-409C-AB6E-B4FD863F123C}.Debug|Any CPU.Build.0 = Debug|iPhoneSimulator
		{2CF2B041-3887-409C-AB6E-B4FD863F123C}.Debug|iPhone.ActiveCfg = Debug|iPhone
		{2CF2B041-3887-409C-AB6E-B4FD863F123C}.Debug|iPhone.Build.0 = Debug|iPhone
		{2CF2B041-3887-409C-AB6E-B4FD863F123C}.Debug|iPhoneSimulator.ActiveCfg = Debug|iPhoneSimulator
		{2CF2B041-3887-409C-AB6E-B4FD863F123C}.Debug|iPhoneSimulator.Build.0 = Debug|iPhoneSimulator
		{2CF2B041-3887-409C-AB6E-B4FD863F123C}.Release|Any CPU.ActiveCfg = Release|iPhoneSimulator
		{2CF2B041-3887-409C-AB6E-B4FD863F123C}.Release|Any CPU.Build.0 = Release|iPhoneSimulator
		{2CF2B041-3887-409C-AB6E-B4FD863F123C}.Release|iPhone.ActiveCfg = Release|iPhone
		{2CF2B041-3887-409C-AB6E-B4FD863F123C}.Release|iPhone.Build.0 = Release|iPhone
		{2CF2B041-3887-409C-AB6E-B4FD863F123C}.Release|iPhoneSimulator.ActiveCfg = Release|iPhoneSimulator
		{2CF2B041-3887-409C-AB6E-B4FD863F123C}.Release|iPhoneSimulator.Build.0 = Release|iPhoneSimulator
		{B84164D1-D6B8-4AD3-9112-4A9FFFA97AAA}.Ad-Hoc|Any CPU.ActiveCfg = Release|Any CPU
		{B84164D1-D6B8-4AD3-9112-4A9FFFA97AAA}.Ad-Hoc|iPhone.ActiveCfg = Debug|Any CPU
		{B84164D1-D6B8-4AD3-9112-4A9FFFA97AAA}.Ad-Hoc|iPhone.Build.0 = Debug|Any CPU
		{B84164D1-D6B8-4AD3-9112-4A9FFFA97AAA}.Ad-Hoc|iPhoneSimulator.ActiveCfg = Release|Any CPU
		{B84164D1-D6B8-4AD3-9112-4A9FFFA97AAA}.AppStore|Any CPU.ActiveCfg = Release|Any CPU
		{B84164D1-D6B8-4AD3-9112-4A9FFFA97AAA}.AppStore|iPhone.ActiveCfg = Debug|Any CPU
		{B84164D1-D6B8-4AD3-9112-4A9FFFA97AAA}.AppStore|iPhone.Build.0 = Debug|Any CPU
		{B84164D1-D6B8-4AD3-9112-4A9FFFA97AAA}.AppStore|iPhoneSimulator.ActiveCfg = Release|Any CPU
		{B84164D1-D6B8-4AD3-9112-4A9FFFA97AAA}.Debug|Any CPU.ActiveCfg = Debug|Any CPU
		{B84164D1-D6B8-4AD3-9112-4A9FFFA97AAA}.Debug|Any CPU.Build.0 = Debug|Any CPU
		{B84164D1-D6B8-4AD3-9112-4A9FFFA97AAA}.Debug|iPhone.ActiveCfg = Debug|Any CPU
		{B84164D1-D6B8-4AD3-9112-4A9FFFA97AAA}.Debug|iPhone.Build.0 = Debug|Any CPU
		{B84164D1-D6B8-4AD3-9112-4A9FFFA97AAA}.Debug|iPhoneSimulator.ActiveCfg = Debug|Any CPU
		{B84164D1-D6B8-4AD3-9112-4A9FFFA97AAA}.Debug|iPhoneSimulator.Build.0 = Debug|Any CPU
		{B84164D1-D6B8-4AD3-9112-4A9FFFA97AAA}.Release|Any CPU.ActiveCfg = Release|Any CPU
		{B84164D1-D6B8-4AD3-9112-4A9FFFA97AAA}.Release|Any CPU.Build.0 = Release|Any CPU
		{B84164D1-D6B8-4AD3-9112-4A9FFFA97AAA}.Release|iPhone.ActiveCfg = Release|Any CPU
		{B84164D1-D6B8-4AD3-9112-4A9FFFA97AAA}.Release|iPhone.Build.0 = Release|Any CPU
		{B84164D1-D6B8-4AD3-9112-4A9FFFA97AAA}.Release|iPhoneSimulator.ActiveCfg = Release|Any CPU
		{B84164D1-D6B8-4AD3-9112-4A9FFFA97AAA}.Release|iPhoneSimulator.Build.0 = Release|Any CPU
	EndGlobalSection
	GlobalSection(SolutionProperties) = preSolution
		HideSolutionNode = FALSE
	EndGlobalSection
	GlobalSection(ExtensibilityGlobals) = postSolution
		SolutionGuid = {69CB6862-9501-4843-9AE6-D0D0DB7FD7AE}
	EndGlobalSection
EndGlobal
