
Microsoft Visual Studio Solution File, Format Version 12.00
# Visual Studio 15
VisualStudioVersion = 15.0.28307.106
MinimumVisualStudioVersion = 10.0.40219.1
Project("{FAE04EC0-301F-11D3-BF4B-00C04F79EFBC}") = "stock.Android", "stock\stock.Android\stock.Android.csproj", "{6E40469C-79D9-416D-967A-46D9ACFBB21D}"
EndProject
Project("{FAE04EC0-301F-11D3-BF4B-00C04F79EFBC}") = "stock.iOS", "stock\stock.iOS\stock.iOS.csproj", "{6DEC473E-B990-436A-A259-A7DEDB13C7D6}"
EndProject
Project("{FAE04EC0-301F-11D3-BF4B-00C04F79EFBC}") = "stock", "stock\stock\stock.csproj", "{9DEEFFC4-A05B-45B8-8BA0-0D4A7B056EA9}"
EndProject
Project("{FAE04EC0-301F-11D3-BF4B-00C04F79EFBC}") = "stock.Macos", "stock.Macos\stock.Macos.csproj", "{91D61F8F-9BE9-4D00-A18A-D50A1F65C86B}"
EndProject
Global
	GlobalSection(SolutionConfigurationPlatforms) = preSolution
		Ad-Hoc|Any CPU = Ad-Hoc|Any CPU
		Ad-Hoc|iPhone = Ad-Hoc|iPhone
		Ad-Hoc|iPhoneSimulator = Ad-Hoc|iPhoneSimulator
		AppStore|Any CPU = AppStore|Any CPU
		AppStore|iPhone = AppStore|iPhone
		AppStore|iPhoneSimulator = AppStore|iPhoneSimulator
		Debug|Any CPU = Debug|Any CPU
		Debug|iPhone = Debug|iPhone
		Debug|iPhoneSimulator = Debug|iPhoneSimulator
		Release|Any CPU = Release|Any CPU
		Release|iPhone = Release|iPhone
		Release|iPhoneSimulator = Release|iPhoneSimulator
	EndGlobalSection
	GlobalSection(ProjectConfigurationPlatforms) = postSolution
		{6E40469C-79D9-416D-967A-46D9ACFBB21D}.Ad-Hoc|Any CPU.ActiveCfg = Release|Any CPU
		{6E40469C-79D9-416D-967A-46D9ACFBB21D}.Ad-Hoc|Any CPU.Build.0 = Release|Any CPU
		{6E40469C-79D9-416D-967A-46D9ACFBB21D}.Ad-Hoc|Any CPU.Deploy.0 = Release|Any CPU
		{6E40469C-79D9-416D-967A-46D9ACFBB21D}.Ad-Hoc|iPhone.ActiveCfg = Release|Any CPU
		{6E40469C-79D9-416D-967A-46D9ACFBB21D}.Ad-Hoc|iPhone.Build.0 = Release|Any CPU
		{6E40469C-79D9-416D-967A-46D9ACFBB21D}.Ad-Hoc|iPhone.Deploy.0 = Release|Any CPU
		{6E40469C-79D9-416D-967A-46D9ACFBB21D}.Ad-Hoc|iPhoneSimulator.ActiveCfg = Release|Any CPU
		{6E40469C-79D9-416D-967A-46D9ACFBB21D}.Ad-Hoc|iPhoneSimulator.Build.0 = Release|Any CPU
		{6E40469C-79D9-416D-967A-46D9ACFBB21D}.Ad-Hoc|iPhoneSimulator.Deploy.0 = Release|Any CPU
		{6E40469C-79D9-416D-967A-46D9ACFBB21D}.AppStore|Any CPU.ActiveCfg = Release|Any CPU
		{6E40469C-79D9-416D-967A-46D9ACFBB21D}.AppStore|Any CPU.Build.0 = Release|Any CPU
		{6E40469C-79D9-416D-967A-46D9ACFBB21D}.AppStore|Any CPU.Deploy.0 = Release|Any CPU
		{6E40469C-79D9-416D-967A-46D9ACFBB21D}.AppStore|iPhone.ActiveCfg = Release|Any CPU
		{6E40469C-79D9-416D-967A-46D9ACFBB21D}.AppStore|iPhone.Build.0 = Release|Any CPU
		{6E40469C-79D9-416D-967A-46D9ACFBB21D}.AppStore|iPhone.Deploy.0 = Release|Any CPU
		{6E40469C-79D9-416D-967A-46D9ACFBB21D}.AppStore|iPhoneSimulator.ActiveCfg = Release|Any CPU
		{6E40469C-79D9-416D-967A-46D9ACFBB21D}.AppStore|iPhoneSimulator.Build.0 = Release|Any CPU
		{6E40469C-79D9-416D-967A-46D9ACFBB21D}.AppStore|iPhoneSimulator.Deploy.0 = Release|Any CPU
		{6E40469C-79D9-416D-967A-46D9ACFBB21D}.Debug|Any CPU.ActiveCfg = Debug|Any CPU
		{6E40469C-79D9-416D-967A-46D9ACFBB21D}.Debug|Any CPU.Build.0 = Debug|Any CPU
		{6E40469C-79D9-416D-967A-46D9ACFBB21D}.Debug|Any CPU.Deploy.0 = Debug|Any CPU
		{6E40469C-79D9-416D-967A-46D9ACFBB21D}.Debug|iPhone.ActiveCfg = Debug|Any CPU
		{6E40469C-79D9-416D-967A-46D9ACFBB21D}.Debug|iPhone.Build.0 = Debug|Any CPU
		{6E40469C-79D9-416D-967A-46D9ACFBB21D}.Debug|iPhone.Deploy.0 = Debug|Any CPU
		{6E40469C-79D9-416D-967A-46D9ACFBB21D}.Debug|iPhoneSimulator.ActiveCfg = Debug|Any CPU
		{6E40469C-79D9-416D-967A-46D9ACFBB21D}.Debug|iPhoneSimulator.Build.0 = Debug|Any CPU
		{6E40469C-79D9-416D-967A-46D9ACFBB21D}.Debug|iPhoneSimulator.Deploy.0 = Debug|Any CPU
		{6E40469C-79D9-416D-967A-46D9ACFBB21D}.Release|Any CPU.ActiveCfg = Release|Any CPU
		{6E40469C-79D9-416D-967A-46D9ACFBB21D}.Release|Any CPU.Build.0 = Release|Any CPU
		{6E40469C-79D9-416D-967A-46D9ACFBB21D}.Release|Any CPU.Deploy.0 = Release|Any CPU
		{6E40469C-79D9-416D-967A-46D9ACFBB21D}.Release|iPhone.ActiveCfg = Release|Any CPU
		{6E40469C-79D9-416D-967A-46D9ACFBB21D}.Release|iPhone.Build.0 = Release|Any CPU
		{6E40469C-79D9-416D-967A-46D9ACFBB21D}.Release|iPhone.Deploy.0 = Release|Any CPU
		{6E40469C-79D9-416D-967A-46D9ACFBB21D}.Release|iPhoneSimulator.ActiveCfg = Release|Any CPU
		{6E40469C-79D9-416D-967A-46D9ACFBB21D}.Release|iPhoneSimulator.Build.0 = Release|Any CPU
		{6E40469C-79D9-416D-967A-46D9ACFBB21D}.Release|iPhoneSimulator.Deploy.0 = Release|Any CPU
		{6DEC473E-B990-436A-A259-A7DEDB13C7D6}.Ad-Hoc|Any CPU.ActiveCfg = Ad-Hoc|iPhone
		{6DEC473E-B990-436A-A259-A7DEDB13C7D6}.Ad-Hoc|Any CPU.Build.0 = Ad-Hoc|iPhone
		{6DEC473E-B990-436A-A259-A7DEDB13C7D6}.Ad-Hoc|Any CPU.Deploy.0 = Ad-Hoc|iPhone
		{6DEC473E-B990-436A-A259-A7DEDB13C7D6}.Ad-Hoc|iPhone.ActiveCfg = Ad-Hoc|iPhone
		{6DEC473E-B990-436A-A259-A7DEDB13C7D6}.Ad-Hoc|iPhone.Build.0 = Ad-Hoc|iPhone
		{6DEC473E-B990-436A-A259-A7DEDB13C7D6}.Ad-Hoc|iPhone.Deploy.0 = Ad-Hoc|iPhone
		{6DEC473E-B990-436A-A259-A7DEDB13C7D6}.Ad-Hoc|iPhoneSimulator.ActiveCfg = Ad-Hoc|iPhoneSimulator
		{6DEC473E-B990-436A-A259-A7DEDB13C7D6}.Ad-Hoc|iPhoneSimulator.Build.0 = Ad-Hoc|iPhoneSimulator
		{6DEC473E-B990-436A-A259-A7DEDB13C7D6}.Ad-Hoc|iPhoneSimulator.Deploy.0 = Ad-Hoc|iPhoneSimulator
		{6DEC473E-B990-436A-A259-A7DEDB13C7D6}.AppStore|Any CPU.ActiveCfg = AppStore|iPhone
		{6DEC473E-B990-436A-A259-A7DEDB13C7D6}.AppStore|Any CPU.Build.0 = AppStore|iPhone
		{6DEC473E-B990-436A-A259-A7DEDB13C7D6}.AppStore|Any CPU.Deploy.0 = AppStore|iPhone
		{6DEC473E-B990-436A-A259-A7DEDB13C7D6}.AppStore|iPhone.ActiveCfg = AppStore|iPhone
		{6DEC473E-B990-436A-A259-A7DEDB13C7D6}.AppStore|iPhone.Build.0 = AppStore|iPhone
		{6DEC473E-B990-436A-A259-A7DEDB13C7D6}.AppStore|iPhone.Deploy.0 = AppStore|iPhone
		{6DEC473E-B990-436A-A259-A7DEDB13C7D6}.AppStore|iPhoneSimulator.ActiveCfg = AppStore|iPhoneSimulator
		{6DEC473E-B990-436A-A259-A7DEDB13C7D6}.AppStore|iPhoneSimulator.Build.0 = AppStore|iPhoneSimulator
		{6DEC473E-B990-436A-A259-A7DEDB13C7D6}.AppStore|iPhoneSimulator.Deploy.0 = AppStore|iPhoneSimulator
		{6DEC473E-B990-436A-A259-A7DEDB13C7D6}.Debug|Any CPU.ActiveCfg = Debug|iPhoneSimulator
		{6DEC473E-B990-436A-A259-A7DEDB13C7D6}.Debug|Any CPU.Build.0 = Debug|iPhoneSimulator
		{6DEC473E-B990-436A-A259-A7DEDB13C7D6}.Debug|Any CPU.Deploy.0 = Debug|iPhoneSimulator
		{6DEC473E-B990-436A-A259-A7DEDB13C7D6}.Debug|iPhone.ActiveCfg = Debug|iPhone
		{6DEC473E-B990-436A-A259-A7DEDB13C7D6}.Debug|iPhone.Build.0 = Debug|iPhone
		{6DEC473E-B990-436A-A259-A7DEDB13C7D6}.Debug|iPhone.Deploy.0 = Debug|iPhone
		{6DEC473E-B990-436A-A259-A7DEDB13C7D6}.Debug|iPhoneSimulator.ActiveCfg = Debug|iPhoneSimulator
		{6DEC473E-B990-436A-A259-A7DEDB13C7D6}.Debug|iPhoneSimulator.Build.0 = Debug|iPhoneSimulator
		{6DEC473E-B990-436A-A259-A7DEDB13C7D6}.Debug|iPhoneSimulator.Deploy.0 = Debug|iPhoneSimulator
		{6DEC473E-B990-436A-A259-A7DEDB13C7D6}.Release|Any CPU.ActiveCfg = Release|iPhone
		{6DEC473E-B990-436A-A259-A7DEDB13C7D6}.Release|Any CPU.Build.0 = Release|iPhone
		{6DEC473E-B990-436A-A259-A7DEDB13C7D6}.Release|Any CPU.Deploy.0 = Release|iPhone
		{6DEC473E-B990-436A-A259-A7DEDB13C7D6}.Release|iPhone.ActiveCfg = Release|iPhone
		{6DEC473E-B990-436A-A259-A7DEDB13C7D6}.Release|iPhone.Build.0 = Release|iPhone
		{6DEC473E-B990-436A-A259-A7DEDB13C7D6}.Release|iPhone.Deploy.0 = Release|iPhone
		{6DEC473E-B990-436A-A259-A7DEDB13C7D6}.Release|iPhoneSimulator.ActiveCfg = Release|iPhoneSimulator
		{6DEC473E-B990-436A-A259-A7DEDB13C7D6}.Release|iPhoneSimulator.Build.0 = Release|iPhoneSimulator
		{6DEC473E-B990-436A-A259-A7DEDB13C7D6}.Release|iPhoneSimulator.Deploy.0 = Release|iPhoneSimulator
		{9DEEFFC4-A05B-45B8-8BA0-0D4A7B056EA9}.Ad-Hoc|Any CPU.ActiveCfg = Debug|Any CPU
		{9DEEFFC4-A05B-45B8-8BA0-0D4A7B056EA9}.Ad-Hoc|Any CPU.Build.0 = Debug|Any CPU
		{9DEEFFC4-A05B-45B8-8BA0-0D4A7B056EA9}.Ad-Hoc|Any CPU.Deploy.0 = Debug|Any CPU
		{9DEEFFC4-A05B-45B8-8BA0-0D4A7B056EA9}.Ad-Hoc|iPhone.ActiveCfg = Debug|Any CPU
		{9DEEFFC4-A05B-45B8-8BA0-0D4A7B056EA9}.Ad-Hoc|iPhone.Build.0 = Debug|Any CPU
		{9DEEFFC4-A05B-45B8-8BA0-0D4A7B056EA9}.Ad-Hoc|iPhone.Deploy.0 = Debug|Any CPU
		{9DEEFFC4-A05B-45B8-8BA0-0D4A7B056EA9}.Ad-Hoc|iPhoneSimulator.ActiveCfg = Debug|Any CPU
		{9DEEFFC4-A05B-45B8-8BA0-0D4A7B056EA9}.Ad-Hoc|iPhoneSimulator.Build.0 = Debug|Any CPU
		{9DEEFFC4-A05B-45B8-8BA0-0D4A7B056EA9}.Ad-Hoc|iPhoneSimulator.Deploy.0 = Debug|Any CPU
		{9DEEFFC4-A05B-45B8-8BA0-0D4A7B056EA9}.AppStore|Any CPU.ActiveCfg = Debug|Any CPU
		{9DEEFFC4-A05B-45B8-8BA0-0D4A7B056EA9}.AppStore|Any CPU.Build.0 = Debug|Any CPU
		{9DEEFFC4-A05B-45B8-8BA0-0D4A7B056EA9}.AppStore|Any CPU.Deploy.0 = Debug|Any CPU
		{9DEEFFC4-A05B-45B8-8BA0-0D4A7B056EA9}.AppStore|iPhone.ActiveCfg = Debug|Any CPU
		{9DEEFFC4-A05B-45B8-8BA0-0D4A7B056EA9}.AppStore|iPhone.Build.0 = Debug|Any CPU
		{9DEEFFC4-A05B-45B8-8BA0-0D4A7B056EA9}.AppStore|iPhone.Deploy.0 = Debug|Any CPU
		{9DEEFFC4-A05B-45B8-8BA0-0D4A7B056EA9}.AppStore|iPhoneSimulator.ActiveCfg = Debug|Any CPU
		{9DEEFFC4-A05B-45B8-8BA0-0D4A7B056EA9}.AppStore|iPhoneSimulator.Build.0 = Debug|Any CPU
		{9DEEFFC4-A05B-45B8-8BA0-0D4A7B056EA9}.AppStore|iPhoneSimulator.Deploy.0 = Debug|Any CPU
		{9DEEFFC4-A05B-45B8-8BA0-0D4A7B056EA9}.Debug|Any CPU.ActiveCfg = Debug|Any CPU
		{9DEEFFC4-A05B-45B8-8BA0-0D4A7B056EA9}.Debug|Any CPU.Build.0 = Debug|Any CPU
		{9DEEFFC4-A05B-45B8-8BA0-0D4A7B056EA9}.Debug|Any CPU.Deploy.0 = Debug|Any CPU
		{9DEEFFC4-A05B-45B8-8BA0-0D4A7B056EA9}.Debug|iPhone.ActiveCfg = Debug|Any CPU
		{9DEEFFC4-A05B-45B8-8BA0-0D4A7B056EA9}.Debug|iPhone.Build.0 = Debug|Any CPU
		{9DEEFFC4-A05B-45B8-8BA0-0D4A7B056EA9}.Debug|iPhone.Deploy.0 = Debug|Any CPU
		{9DEEFFC4-A05B-45B8-8BA0-0D4A7B056EA9}.Debug|iPhoneSimulator.ActiveCfg = Debug|Any CPU
		{9DEEFFC4-A05B-45B8-8BA0-0D4A7B056EA9}.Debug|iPhoneSimulator.Build.0 = Debug|Any CPU
		{9DEEFFC4-A05B-45B8-8BA0-0D4A7B056EA9}.Debug|iPhoneSimulator.Deploy.0 = Debug|Any CPU
		{9DEEFFC4-A05B-45B8-8BA0-0D4A7B056EA9}.Release|Any CPU.ActiveCfg = Release|Any CPU
		{9DEEFFC4-A05B-45B8-8BA0-0D4A7B056EA9}.Release|Any CPU.Build.0 = Release|Any CPU
		{9DEEFFC4-A05B-45B8-8BA0-0D4A7B056EA9}.Release|Any CPU.Deploy.0 = Release|Any CPU
		{9DEEFFC4-A05B-45B8-8BA0-0D4A7B056EA9}.Release|iPhone.ActiveCfg = Release|Any CPU
		{9DEEFFC4-A05B-45B8-8BA0-0D4A7B056EA9}.Release|iPhone.Build.0 = Release|Any CPU
		{9DEEFFC4-A05B-45B8-8BA0-0D4A7B056EA9}.Release|iPhone.Deploy.0 = Release|Any CPU
		{9DEEFFC4-A05B-45B8-8BA0-0D4A7B056EA9}.Release|iPhoneSimulator.ActiveCfg = Release|Any CPU
		{9DEEFFC4-A05B-45B8-8BA0-0D4A7B056EA9}.Release|iPhoneSimulator.Build.0 = Release|Any CPU
		{9DEEFFC4-A05B-45B8-8BA0-0D4A7B056EA9}.Release|iPhoneSimulator.Deploy.0 = Release|Any CPU
		{91D61F8F-9BE9-4D00-A18A-D50A1F65C86B}.Ad-Hoc|Any CPU.ActiveCfg = Release|Any CPU
		{91D61F8F-9BE9-4D00-A18A-D50A1F65C86B}.Ad-Hoc|Any CPU.Build.0 = Release|Any CPU
		{91D61F8F-9BE9-4D00-A18A-D50A1F65C86B}.Ad-Hoc|iPhone.ActiveCfg = Release|Any CPU
		{91D61F8F-9BE9-4D00-A18A-D50A1F65C86B}.Ad-Hoc|iPhone.Build.0 = Release|Any CPU
		{91D61F8F-9BE9-4D00-A18A-D50A1F65C86B}.Ad-Hoc|iPhoneSimulator.ActiveCfg = Release|Any CPU
		{91D61F8F-9BE9-4D00-A18A-D50A1F65C86B}.Ad-Hoc|iPhoneSimulator.Build.0 = Release|Any CPU
		{91D61F8F-9BE9-4D00-A18A-D50A1F65C86B}.AppStore|Any CPU.ActiveCfg = Release|Any CPU
		{91D61F8F-9BE9-4D00-A18A-D50A1F65C86B}.AppStore|Any CPU.Build.0 = Release|Any CPU
		{91D61F8F-9BE9-4D00-A18A-D50A1F65C86B}.AppStore|iPhone.ActiveCfg = Release|Any CPU
		{91D61F8F-9BE9-4D00-A18A-D50A1F65C86B}.AppStore|iPhone.Build.0 = Release|Any CPU
		{91D61F8F-9BE9-4D00-A18A-D50A1F65C86B}.AppStore|iPhoneSimulator.ActiveCfg = Release|Any CPU
		{91D61F8F-9BE9-4D00-A18A-D50A1F65C86B}.AppStore|iPhoneSimulator.Build.0 = Release|Any CPU
		{91D61F8F-9BE9-4D00-A18A-D50A1F65C86B}.Debug|Any CPU.ActiveCfg = Debug|Any CPU
		{91D61F8F-9BE9-4D00-A18A-D50A1F65C86B}.Debug|Any CPU.Build.0 = Debug|Any CPU
		{91D61F8F-9BE9-4D00-A18A-D50A1F65C86B}.Debug|iPhone.ActiveCfg = Debug|Any CPU
		{91D61F8F-9BE9-4D00-A18A-D50A1F65C86B}.Debug|iPhone.Build.0 = Debug|Any CPU
		{91D61F8F-9BE9-4D00-A18A-D50A1F65C86B}.Debug|iPhoneSimulator.ActiveCfg = Debug|Any CPU
		{91D61F8F-9BE9-4D00-A18A-D50A1F65C86B}.Debug|iPhoneSimulator.Build.0 = Debug|Any CPU
		{91D61F8F-9BE9-4D00-A18A-D50A1F65C86B}.Release|Any CPU.ActiveCfg = Release|Any CPU
		{91D61F8F-9BE9-4D00-A18A-D50A1F65C86B}.Release|Any CPU.Build.0 = Release|Any CPU
		{91D61F8F-9BE9-4D00-A18A-D50A1F65C86B}.Release|iPhone.ActiveCfg = Release|Any CPU
		{91D61F8F-9BE9-4D00-A18A-D50A1F65C86B}.Release|iPhone.Build.0 = Release|Any CPU
		{91D61F8F-9BE9-4D00-A18A-D50A1F65C86B}.Release|iPhoneSimulator.ActiveCfg = Release|Any CPU
		{91D61F8F-9BE9-4D00-A18A-D50A1F65C86B}.Release|iPhoneSimulator.Build.0 = Release|Any CPU
	EndGlobalSection
	GlobalSection(SolutionProperties) = preSolution
		HideSolutionNode = FALSE
	EndGlobalSection
	GlobalSection(ExtensibilityGlobals) = postSolution
		SolutionGuid = {1633A308-A8F4-4DDE-87AB-2CE5CD52270B}
	EndGlobalSection
EndGlobal
